<?xml version="1.0" encoding="utf-8"?>
<Project ToolsVersion="4.0" xmlns="http://schemas.microsoft.com/developer/msbuild/2003">
  <ItemGroup>
    <Filter Include="源文件">
      <UniqueIdentifier>{4FC737F1-C7A5-4376-A066-2A32D752A2FF}</UniqueIdentifier>
      <Extensions>cpp;c;cc;cxx;def;odl;idl;hpj;bat;asm;asmx</Extensions>
    </Filter>
    <Filter Include="头文件">
      <UniqueIdentifier>{93995380-89BD-4b04-88EB-625FBE52EBFB}</UniqueIdentifier>
      <Extensions>h;hh;hpp;hxx;hm;inl;inc;xsd</Extensions>
    </Filter>
    <Filter Include="资源文件">
      <UniqueIdentifier>{67DA6AB6-F800-4c08-8B7A-83BB121AAD01}</UniqueIdentifier>
      <Extensions>rc;ico;cur;bmp;dlg;rc2;rct;bin;rgs;gif;jpg;jpeg;jpe;resx;tiff;tif;png;wav;mfcribbon-ms</Extensions>
    </Filter>
    <Filter Include="源文件\common">
      <UniqueIdentifier>{906e4651-3d63-4866-987b-7de9f313f1fb}</UniqueIdentifier>
    </Filter>
    <Filter Include="源文件\core">
      <UniqueIdentifier>{7b3ffe1a-92e4-493e-ac22-290d5ce194db}</UniqueIdentifier>
    </Filter>
    <Filter Include="源文件\tool">
      <UniqueIdentifier>{6a3838e4-65cf-4a95-b16a-f0796f100ae9}</UniqueIdentifier>
    </Filter>
    <Filter Include="头文件\common">
      <UniqueIdentifier>{50cc7f16-df93-417f-96f5-b1c2823bb729}</UniqueIdentifier>
    </Filter>
    <Filter Include="头文件\core">
      <UniqueIdentifier>{4424f6d2-0d80-43e6-b16c-6cf5fbe690ab}</UniqueIdentifier>
    </Filter>
    <Filter Include="头文件\tool">
      <UniqueIdentifier>{abfb95e0-561c-42e8-ab8d-cd08d214d9a9}</UniqueIdentifier>
    </Filter>
  </ItemGroup>
  <ItemGroup>
    <ClCompile Include="common\iobject.cpp">
      <Filter>源文件\common</Filter>
    </ClCompile>
    <ClCompile Include="common\isceneobject.cpp">
      <Filter>源文件\common</Filter>
    </ClCompile>
    <ClCompile Include="common\iserialisable.cpp">
      <Filter>源文件\common</Filter>
    </ClCompile>
    <ClCompile Include="core\igeoline.cpp">
      <Filter>源文件\core</Filter>
    </ClCompile>
    <ClCompile Include="core\igeomodel.cpp">
      <Filter>源文件\core</Filter>
    </ClCompile>
    <ClCompile Include="core\igeopoint.cpp">
      <Filter>源文件\core</Filter>
    </ClCompile>
    <ClCompile Include="core\igeopolygon.cpp">
      <Filter>源文件\core</Filter>
    </ClCompile>
    <ClCompile Include="core\igeorect.cpp">
      <Filter>源文件\core</Filter>
    </ClCompile>
    <ClCompile Include="core\igeosegment.cpp">
      <Filter>源文件\core</Filter>
    </ClCompile>
    <ClCompile Include="core\igrouplayer.cpp">
      <Filter>源文件\core</Filter>
    </ClCompile>
    <ClCompile Include="core\ilayer.cpp">
      <Filter>源文件\core</Filter>
    </ClCompile>
    <ClCompile Include="core\ilayermanager.cpp">
      <Filter>源文件\core</Filter>
    </ClCompile>
    <ClCompile Include="core\irasterlayer.cpp">
      <Filter>源文件\core</Filter>
    </ClCompile>
    <ClCompile Include="core\ispatialparameter.cpp">
      <Filter>源文件\core</Filter>
    </ClCompile>
    <ClCompile Include="core\itopologyarc.cpp">
      <Filter>源文件\core</Filter>
    </ClCompile>
    <ClCompile Include="core\itopologygraphy.cpp">
      <Filter>源文件\core</Filter>
    </ClCompile>
    <ClCompile Include="core\itopologypoint.cpp">
      <Filter>源文件\core</Filter>
    </ClCompile>
    <ClCompile Include="core\ivectorlayer.cpp">
      <Filter>源文件\core</Filter>
    </ClCompile>
    <ClCompile Include="tool\ibufferquery.cpp">
      <Filter>源文件\tool</Filter>
    </ClCompile>
    <ClCompile Include="tool\iobjectquery.cpp">
      <Filter>源文件\tool</Filter>
    </ClCompile>
    <ClCompile Include="tool\itool.cpp">
      <Filter>源文件\tool</Filter>
    </ClCompile>
    <ClCompile Include="tool\itoollistener.cpp">
      <Filter>源文件\tool</Filter>
    </ClCompile>
    <ClCompile Include="core\iobjectcontainer.cpp">
      <Filter>源文件\core</Filter>
    </ClCompile>
    <ClCompile Include="igenguid.cpp">
      <Filter>源文件\common</Filter>
    </ClCompile>
    <ClCompile Include="common\globesetting.cpp">
      <Filter>源文件\common</Filter>
    </ClCompile>
    <ClCompile Include="common\languageconfig.cpp">
      <Filter>源文件\common</Filter>
    </ClCompile>
  </ItemGroup>
  <ItemGroup>
    <ClInclude Include="..\..\include\framework\common\iobject.h">
      <Filter>头文件\common</Filter>
    </ClInclude>
    <ClInclude Include="..\..\include\framework\common\isceneobject.h">
      <Filter>头文件\common</Filter>
    </ClInclude>
    <ClInclude Include="..\..\include\framework\common\iserialisable.h">
      <Filter>头文件\common</Filter>
    </ClInclude>
    <ClInclude Include="..\..\include\framework\core\igeoline.h">
      <Filter>头文件\core</Filter>
    </ClInclude>
    <ClInclude Include="..\..\include\framework\core\igeomodel.h">
      <Filter>头文件\core</Filter>
    </ClInclude>
    <ClInclude Include="..\..\include\framework\core\igeopoint.h">
      <Filter>头文件\core</Filter>
    </ClInclude>
    <ClInclude Include="..\..\include\framework\core\igeopolygon.h">
      <Filter>头文件\core</Filter>
    </ClInclude>
    <ClInclude Include="..\..\include\framework\core\igeorect.h">
      <Filter>头文件\core</Filter>
    </ClInclude>
    <ClInclude Include="..\..\include\framework\core\igeosegment.h">
      <Filter>头文件\core</Filter>
    </ClInclude>
    <ClInclude Include="..\..\include\framework\core\igrouplayer.h">
      <Filter>头文件\core</Filter>
    </ClInclude>
    <ClInclude Include="..\..\include\framework\core\ilayer.h">
      <Filter>头文件\core</Filter>
    </ClInclude>
    <ClInclude Include="..\..\include\framework\core\ilayermanager.h">
      <Filter>头文件\core</Filter>
    </ClInclude>
    <ClInclude Include="..\..\include\framework\core\irasterlayer.h">
      <Filter>头文件\core</Filter>
    </ClInclude>
    <ClInclude Include="..\..\include\framework\core\ispatialparameter.h">
      <Filter>头文件\core</Filter>
    </ClInclude>
    <ClInclude Include="..\..\include\framework\core\itopologyarc.h">
      <Filter>头文件\core</Filter>
    </ClInclude>
    <ClInclude Include="..\..\include\framework\core\itopologygraphy.h">
      <Filter>头文件\core</Filter>
    </ClInclude>
    <ClInclude Include="..\..\include\framework\core\itopologypoint.h">
      <Filter>头文件\core</Filter>
    </ClInclude>
    <ClInclude Include="..\..\include\framework\core\ivectorlayer.h">
      <Filter>头文件\core</Filter>
    </ClInclude>
    <ClInclude Include="..\..\include\framework\tool\ibufferquery.h">
      <Filter>头文件\tool</Filter>
    </ClInclude>
    <ClInclude Include="..\..\include\framework\tool\iobjectquery.h">
      <Filter>头文件\tool</Filter>
    </ClInclude>
    <ClInclude Include="..\..\include\framework\tool\itool.h">
      <Filter>头文件\tool</Filter>
    </ClInclude>
    <ClInclude Include="..\..\include\framework\tool\itoollistener.h">
      <Filter>头文件\tool</Filter>
    </ClInclude>
    <ClInclude Include="..\..\include\framework\vr_globeframework_global.h">
      <Filter>头文件</Filter>
    </ClInclude>
    <ClInclude Include="..\..\include\framework\common\iobjectcontainer.h">
      <Filter>头文件\common</Filter>
    </ClInclude>
    <ClInclude Include="..\..\include\framework\core\iobjectcontainer.h">
      <Filter>头文件\core</Filter>
    </ClInclude>
    <ClInclude Include="igenguid.h">
      <Filter>头文件\common</Filter>
    </ClInclude>
    <ClInclude Include="..\..\include\framework\common\globesetting.h">
      <Filter>头文件\common</Filter>
    </ClInclude>
    <ClInclude Include="..\..\include\framework\common\languageconfig.h">
      <Filter>头文件\common</Filter>
    </ClInclude>
  </ItemGroup>
</Project>