
Microsoft Visual Studio Solution File, Format Version 12.00
# Visual Studio 2013
VisualStudioVersion = 12.0.21005.1
MinimumVisualStudioVersion = 10.0.40219.1
Project("{2150E333-8FDC-42A3-9474-1A3956D46DE8}") = "framework", "framework", "{5FEC531C-325D-4691-973D-FB93898F1AFF}"
EndProject
Project("{2150E333-8FDC-42A3-9474-1A3956D46DE8}") = "plugin", "plugin", "{BD1D54A1-5EC0-4A0D-B540-530AD4ECD561}"
EndProject
Project("{2150E333-8FDC-42A3-9474-1A3956D46DE8}") = "app", "app", "{969BF6F5-9BD2-4130-8A4E-C84232FA68EA}"
EndProject
Project("{8BC9CEB8-8B4A-11D0-8D11-00A0C91BC942}") = "VR_RenderTechnique", "kernelLib\src\VR_RenderTechnique\VR_RenderTechnique.vcxproj", "{EA8802A4-7D5F-49D3-8C82-219D067ADBBA}"
EndProject
Project("{8BC9CEB8-8B4A-11D0-8D11-00A0C91BC942}") = "VR_CityBuilder", "kernelLib\src\VR_CityBuilder\VR_CityBuilder.vcxproj", "{125026E6-D3BA-4A55-AD40-1FFCFFE806A1}"
EndProject
Project("{8BC9CEB8-8B4A-11D0-8D11-00A0C91BC942}") = "VR_GlobeFrm", "kernelLib\src\VR_GlobeFrm\VR_GlobeFrm.vcxproj", "{6802D929-D8A4-455E-BA57-62DB88CEDFF7}"
EndProject
Project("{8BC9CEB8-8B4A-11D0-8D11-00A0C91BC942}") = "VR_GeoService", "kernelLib\src\VR_GeoService\VR_GeoService.vcxproj", "{44CBBFD3-DAF0-44A8-B2C9-EAEE194F5447}"
EndProject
Project("{8BC9CEB8-8B4A-11D0-8D11-00A0C91BC942}") = "VR_PipeNet", "kernelLib\src\VR_PipeNet\VR_PipeNet.vcxproj", "{5304AD4A-04EA-40C4-8998-C8DE7434578D}"
EndProject
Project("{8BC9CEB8-8B4A-11D0-8D11-00A0C91BC942}") = "iXModelBuilder", "application\iXModelBuilder\iXModelBuilder.vcxproj", "{AD1564C5-7DFA-37E0-9E68-B9530856DF57}"
EndProject
Project("{2150E333-8FDC-42A3-9474-1A3956D46DE8}") = "Model", "Model", "{45FD9632-B982-4C2B-ADE7-111A4EEACBB2}"
EndProject
Project("{8BC9CEB8-8B4A-11D0-8D11-00A0C91BC942}") = "VR_ModelBuilder", "kernelLib\src\VR_ModelBuilder\VR_ModelBuilder.vcxproj", "{F8C3EBE5-DE51-435E-994E-92D2AFFA1DC7}"
EndProject
Project("{8BC9CEB8-8B4A-11D0-8D11-00A0C91BC942}") = "VR_LayerManager", "kernelLib\src\plugin\VR_LayerManager\VR_LayerManager.vcxproj", "{F87BD0D9-855E-4B49-B7CD-5DAEED6BDE5D}"
EndProject
Global
	GlobalSection(SolutionConfigurationPlatforms) = preSolution
		Debug|Win32 = Debug|Win32
		MinSizeRel|Win32 = MinSizeRel|Win32
		Release|Win32 = Release|Win32
		RelWithDebInfo|Win32 = RelWithDebInfo|Win32
	EndGlobalSection
	GlobalSection(ProjectConfigurationPlatforms) = postSolution
		{EA8802A4-7D5F-49D3-8C82-219D067ADBBA}.Debug|Win32.ActiveCfg = Debug|Win32
		{EA8802A4-7D5F-49D3-8C82-219D067ADBBA}.MinSizeRel|Win32.ActiveCfg = Release|Win32
		{EA8802A4-7D5F-49D3-8C82-219D067ADBBA}.Release|Win32.ActiveCfg = Release|Win32
		{EA8802A4-7D5F-49D3-8C82-219D067ADBBA}.RelWithDebInfo|Win32.ActiveCfg = Release|Win32
		{125026E6-D3BA-4A55-AD40-1FFCFFE806A1}.Debug|Win32.ActiveCfg = Debug|Win32
		{125026E6-D3BA-4A55-AD40-1FFCFFE806A1}.MinSizeRel|Win32.ActiveCfg = Release|Win32
		{125026E6-D3BA-4A55-AD40-1FFCFFE806A1}.Release|Win32.ActiveCfg = Release|Win32
		{125026E6-D3BA-4A55-AD40-1FFCFFE806A1}.RelWithDebInfo|Win32.ActiveCfg = Release|Win32
		{6802D929-D8A4-455E-BA57-62DB88CEDFF7}.Debug|Win32.ActiveCfg = Debug|Win32
		{6802D929-D8A4-455E-BA57-62DB88CEDFF7}.MinSizeRel|Win32.ActiveCfg = Release|Win32
		{6802D929-D8A4-455E-BA57-62DB88CEDFF7}.Release|Win32.ActiveCfg = Release|Win32
		{6802D929-D8A4-455E-BA57-62DB88CEDFF7}.RelWithDebInfo|Win32.ActiveCfg = Release|Win32
		{44CBBFD3-DAF0-44A8-B2C9-EAEE194F5447}.Debug|Win32.ActiveCfg = Debug|Win32
		{44CBBFD3-DAF0-44A8-B2C9-EAEE194F5447}.MinSizeRel|Win32.ActiveCfg = Release|Win32
		{44CBBFD3-DAF0-44A8-B2C9-EAEE194F5447}.Release|Win32.ActiveCfg = Release|Win32
		{44CBBFD3-DAF0-44A8-B2C9-EAEE194F5447}.RelWithDebInfo|Win32.ActiveCfg = Release|Win32
		{5304AD4A-04EA-40C4-8998-C8DE7434578D}.Debug|Win32.ActiveCfg = Debug|Win32
		{5304AD4A-04EA-40C4-8998-C8DE7434578D}.MinSizeRel|Win32.ActiveCfg = Release|Win32
		{5304AD4A-04EA-40C4-8998-C8DE7434578D}.Release|Win32.ActiveCfg = Release|Win32
		{5304AD4A-04EA-40C4-8998-C8DE7434578D}.RelWithDebInfo|Win32.ActiveCfg = Release|Win32
		{AD1564C5-7DFA-37E0-9E68-B9530856DF57}.Debug|Win32.ActiveCfg = Debug|Win32
		{AD1564C5-7DFA-37E0-9E68-B9530856DF57}.Debug|Win32.Build.0 = Debug|Win32
		{AD1564C5-7DFA-37E0-9E68-B9530856DF57}.MinSizeRel|Win32.ActiveCfg = Release|Win32
		{AD1564C5-7DFA-37E0-9E68-B9530856DF57}.MinSizeRel|Win32.Build.0 = Release|Win32
		{AD1564C5-7DFA-37E0-9E68-B9530856DF57}.Release|Win32.ActiveCfg = Release|Win32
		{AD1564C5-7DFA-37E0-9E68-B9530856DF57}.Release|Win32.Build.0 = Release|Win32
		{AD1564C5-7DFA-37E0-9E68-B9530856DF57}.RelWithDebInfo|Win32.ActiveCfg = Release|Win32
		{AD1564C5-7DFA-37E0-9E68-B9530856DF57}.RelWithDebInfo|Win32.Build.0 = Release|Win32
		{F8C3EBE5-DE51-435E-994E-92D2AFFA1DC7}.Debug|Win32.ActiveCfg = Debug|Win32
		{F8C3EBE5-DE51-435E-994E-92D2AFFA1DC7}.Debug|Win32.Build.0 = Debug|Win32
		{F8C3EBE5-DE51-435E-994E-92D2AFFA1DC7}.MinSizeRel|Win32.ActiveCfg = Release|Win32
		{F8C3EBE5-DE51-435E-994E-92D2AFFA1DC7}.MinSizeRel|Win32.Build.0 = Release|Win32
		{F8C3EBE5-DE51-435E-994E-92D2AFFA1DC7}.Release|Win32.ActiveCfg = Release|Win32
		{F8C3EBE5-DE51-435E-994E-92D2AFFA1DC7}.Release|Win32.Build.0 = Release|Win32
		{F8C3EBE5-DE51-435E-994E-92D2AFFA1DC7}.RelWithDebInfo|Win32.ActiveCfg = Release|Win32
		{F8C3EBE5-DE51-435E-994E-92D2AFFA1DC7}.RelWithDebInfo|Win32.Build.0 = Release|Win32
		{F87BD0D9-855E-4B49-B7CD-5DAEED6BDE5D}.Debug|Win32.ActiveCfg = Debug|Win32
		{F87BD0D9-855E-4B49-B7CD-5DAEED6BDE5D}.Debug|Win32.Build.0 = Debug|Win32
		{F87BD0D9-855E-4B49-B7CD-5DAEED6BDE5D}.MinSizeRel|Win32.ActiveCfg = Release|Win32
		{F87BD0D9-855E-4B49-B7CD-5DAEED6BDE5D}.MinSizeRel|Win32.Build.0 = Release|Win32
		{F87BD0D9-855E-4B49-B7CD-5DAEED6BDE5D}.Release|Win32.ActiveCfg = Release|Win32
		{F87BD0D9-855E-4B49-B7CD-5DAEED6BDE5D}.Release|Win32.Build.0 = Release|Win32
		{F87BD0D9-855E-4B49-B7CD-5DAEED6BDE5D}.RelWithDebInfo|Win32.ActiveCfg = Release|Win32
		{F87BD0D9-855E-4B49-B7CD-5DAEED6BDE5D}.RelWithDebInfo|Win32.Build.0 = Release|Win32
	EndGlobalSection
	GlobalSection(SolutionProperties) = preSolution
		HideSolutionNode = FALSE
	EndGlobalSection
	GlobalSection(NestedProjects) = preSolution
		{AD1564C5-7DFA-37E0-9E68-B9530856DF57} = {969BF6F5-9BD2-4130-8A4E-C84232FA68EA}
		{EA8802A4-7D5F-49D3-8C82-219D067ADBBA} = {5FEC531C-325D-4691-973D-FB93898F1AFF}
		{125026E6-D3BA-4A55-AD40-1FFCFFE806A1} = {5FEC531C-325D-4691-973D-FB93898F1AFF}
		{6802D929-D8A4-455E-BA57-62DB88CEDFF7} = {5FEC531C-325D-4691-973D-FB93898F1AFF}
		{44CBBFD3-DAF0-44A8-B2C9-EAEE194F5447} = {5FEC531C-325D-4691-973D-FB93898F1AFF}
		{5304AD4A-04EA-40C4-8998-C8DE7434578D} = {5FEC531C-325D-4691-973D-FB93898F1AFF}
		{F87BD0D9-855E-4B49-B7CD-5DAEED6BDE5D} = {5FEC531C-325D-4691-973D-FB93898F1AFF}
		{F8C3EBE5-DE51-435E-994E-92D2AFFA1DC7} = {45FD9632-B982-4C2B-ADE7-111A4EEACBB2}
	EndGlobalSection
	GlobalSection(ExtensibilityGlobals) = postSolution
		QtVersion = 4.8.6
	EndGlobalSection
EndGlobal
