
Microsoft Visual Studio Solution File, Format Version 12.00
# Visual Studio 2013
VisualStudioVersion = 12.0.21005.1
MinimumVisualStudioVersion = 10.0.40219.1
Project("{8BC9CEB8-8B4A-11D0-8D11-00A0C91BC942}") = "myEarthSim", "application\myEarthSim\myEarthSim.vcxproj", "{0BE7E850-26EF-498D-8F69-12B1B867022C}"
EndProject
Project("{2150E333-8FDC-42A3-9474-1A3956D46DE8}") = "framework", "framework", "{5FEC531C-325D-4691-973D-FB93898F1AFF}"
EndProject
Project("{8BC9CEB8-8B4A-11D0-8D11-00A0C91BC942}") = "VR_Framework", "kernelLib\src\VR_Framework\VR_Framework.vcxproj", "{A39FD1E8-0B8D-449F-B4A6-1CC26F5F930F}"
EndProject
Project("{8BC9CEB8-8B4A-11D0-8D11-00A0C91BC942}") = "VR_GeometryEditor", "kernelLib\src\VR_GeometryEditor\VR_GeometryEditor.vcxproj", "{799B8CF8-73CD-4B4F-B936-6F752FDD68D5}"
EndProject
Project("{8BC9CEB8-8B4A-11D0-8D11-00A0C91BC942}") = "VR_GeoObject", "kernelLib\src\VR_GeoObject\VR_GeoObject.vcxproj", "{CC95AE2D-341D-4B48-9CE5-B91052E15AC3}"
EndProject
Project("{8BC9CEB8-8B4A-11D0-8D11-00A0C91BC942}") = "VR_GlobeMap", "kernelLib\src\VR_GlobeMap\VR_GlobeMap.vcxproj", "{8DC3D5ED-CA4C-41FB-9F77-3590EBA7EF47}"
EndProject
Project("{8BC9CEB8-8B4A-11D0-8D11-00A0C91BC942}") = "VR_SceneTool", "kernelLib\src\VR_SceneTool\VR_SceneTool.vcxproj", "{0CD0E89B-E7E2-4AB3-9C23-781B33F17B06}"
EndProject
Project("{2150E333-8FDC-42A3-9474-1A3956D46DE8}") = "plugin", "plugin", "{BD1D54A1-5EC0-4A0D-B540-530AD4ECD561}"
EndProject
Project("{8BC9CEB8-8B4A-11D0-8D11-00A0C91BC942}") = "osgdb_osgearth_googlemap", "kernelLib\src\plugin\osgdb_osgearth_googlemap\osgdb_osgearth_googlemap.vcxproj", "{0D82BC30-9CBF-4630-8774-679E61B1F3FA}"
EndProject
Project("{8BC9CEB8-8B4A-11D0-8D11-00A0C91BC942}") = "VR_GlobeWidget", "kernelLib\src\plugin\VR_GlobeWidget\VR_GlobeWidget.vcxproj", "{41BE05AC-EB98-4915-B0A8-CCF5D299C33B}"
EndProject
Project("{8BC9CEB8-8B4A-11D0-8D11-00A0C91BC942}") = "osgdb_osgearth_customtile", "kernelLib\src\plugin\osgdb_osgearth_customtile\osgdb_osgearth_customtile.vcxproj", "{FC8E5650-E528-481F-8138-27E97A87AF0A}"
EndProject
Project("{8BC9CEB8-8B4A-11D0-8D11-00A0C91BC942}") = "osgdb_osgearth_agglite", "kernelLib\src\plugin\osgdb_osgearth_agglite\osgdb_osgearth_agglite.vcxproj", "{C01BB14F-40AE-4A1F-AED1-AFF2F1229F51}"
EndProject
Project("{8BC9CEB8-8B4A-11D0-8D11-00A0C91BC942}") = "VR_DynamicObject", "kernelLib\src\VR_DynamicObject\VR_DynamicObject.vcxproj", "{CF87E13A-3C52-4EF0-ACEF-FC2A98AAD8BA}"
EndProject
Project("{2150E333-8FDC-42A3-9474-1A3956D46DE8}") = "app", "app", "{969BF6F5-9BD2-4130-8A4E-C84232FA68EA}"
EndProject
Project("{8BC9CEB8-8B4A-11D0-8D11-00A0C91BC942}") = "VR_DataGenerater", "kernelLib\src\VR_DataGenerater\VR_DataGenerater.vcxproj", "{29F825DC-AF26-4C4C-91B8-4F6005EAE1D9}"
EndProject
Project("{8BC9CEB8-8B4A-11D0-8D11-00A0C91BC942}") = "VR_GeoGraphic", "kernelLib\src\VR_GeoGraphic\VR_GeoGraphic.vcxproj", "{F7668233-6CE7-400E-A4D2-FABAC3BEFD6F}"
EndProject
Project("{8BC9CEB8-8B4A-11D0-8D11-00A0C91BC942}") = "osgdb_osgearth_local_google84", "kernelLib\src\plugin\osgdb_osgearth_local_google84\osgdb_osgearth_local_google84.vcxproj", "{E85F93A9-43E8-4456-9934-DB4600C2897A}"
EndProject
Project("{8BC9CEB8-8B4A-11D0-8D11-00A0C91BC942}") = "osgdb_osgearth_local_googleMecator", "kernelLib\src\plugin\osgdb_osgearth_local_googleMecator\osgdb_osgearth_local_googleMecator.vcxproj", "{6E6DBE01-1294-4246-87EA-9FC7998E13FE}"
EndProject
Project("{8BC9CEB8-8B4A-11D0-8D11-00A0C91BC942}") = "osgdb_osgearth_tdt", "kernelLib\src\plugin\osgdb_osgearth_tdt\osgdb_osgearth_tdt.vcxproj", "{FC25480A-AA29-4A91-92BD-533FCE2CF1EC}"
EndProject
Project("{8BC9CEB8-8B4A-11D0-8D11-00A0C91BC942}") = "osgdb_osgearth_arcgistile", "kernelLib\src\plugin\osgdb_osgearth_arcgistile\osgdb_osgearth_arcgistile.vcxproj", "{6D0E3BE5-3C78-49B8-8CB3-416BC3C37FBB}"
EndProject
Project("{8BC9CEB8-8B4A-11D0-8D11-00A0C91BC942}") = "iXServiceProvider", "application\earthDesktop\iCityServicer.vcxproj", "{AD1564C5-7DFA-37E0-9E68-B9530856DF57}"
EndProject
Project("{8BC9CEB8-8B4A-11D0-8D11-00A0C91BC942}") = "VR_RenderTechnique", "kernelLib\src\VR_RenderTechnique\VR_RenderTechnique.vcxproj", "{EA8802A4-7D5F-49D3-8C82-219D067ADBBA}"
EndProject
Project("{8BC9CEB8-8B4A-11D0-8D11-00A0C91BC942}") = "VR_CityBuilder", "kernelLib\src\VR_CityBuilder\VR_CityBuilder.vcxproj", "{125026E6-D3BA-4A55-AD40-1FFCFFE806A1}"
EndProject
Project("{8BC9CEB8-8B4A-11D0-8D11-00A0C91BC942}") = "s57VectorLoad", "application\s57VectorLoad\s57VectorLoad.vcxproj", "{4C2FADC8-FE64-4654-9207-B4CDEF7FB9C9}"
EndProject
Project("{8BC9CEB8-8B4A-11D0-8D11-00A0C91BC942}") = "VR_LayerManager", "kernelLib\src\plugin\VR_LayerManager\VR_LayerManager.vcxproj", "{F87BD0D9-855E-4B49-B7CD-5DAEED6BDE5D}"
EndProject
Project("{8BC9CEB8-8B4A-11D0-8D11-00A0C91BC942}") = "osgdb_osgearth_gaodemap", "kernelLib\src\plugin\osgdb_osgearth_gaodemap\osgdb_osgearth_gaodemap.vcxproj", "{38D36512-0B5C-4719-9753-B22FF57EEE36}"
EndProject
Project("{8BC9CEB8-8B4A-11D0-8D11-00A0C91BC942}") = "VR_GlobeFrm", "kernelLib\src\VR_GlobeFrm\VR_GlobeFrm.vcxproj", "{6802D929-D8A4-455E-BA57-62DB88CEDFF7}"
EndProject
Project("{8BC9CEB8-8B4A-11D0-8D11-00A0C91BC942}") = "osgdb_osgearth_bing", "kernelLib\src\plugin\osgdb_osgearth_bing\osgdb_osgearth_bing.vcxproj", "{928D85C6-0E6F-443C-B387-512E24C8BEC1}"
EndProject
Project("{8BC9CEB8-8B4A-11D0-8D11-00A0C91BC942}") = "VR_GeoService", "kernelLib\src\VR_GeoService\VR_GeoService.vcxproj", "{44CBBFD3-DAF0-44A8-B2C9-EAEE194F5447}"
EndProject
Project("{8BC9CEB8-8B4A-11D0-8D11-00A0C91BC942}") = "VR_PipeNet", "kernelLib\src\VR_PipeNet\VR_PipeNet.vcxproj", "{5304AD4A-04EA-40C4-8998-C8DE7434578D}"
EndProject
Global
	GlobalSection(SolutionConfigurationPlatforms) = preSolution
		Debug|Win32 = Debug|Win32
		MinSizeRel|Win32 = MinSizeRel|Win32
		Release|Win32 = Release|Win32
		RelWithDebInfo|Win32 = RelWithDebInfo|Win32
	EndGlobalSection
	GlobalSection(ProjectConfigurationPlatforms) = postSolution
		{0BE7E850-26EF-498D-8F69-12B1B867022C}.Debug|Win32.ActiveCfg = Debug|Win32
		{0BE7E850-26EF-498D-8F69-12B1B867022C}.MinSizeRel|Win32.ActiveCfg = Release|Win32
		{0BE7E850-26EF-498D-8F69-12B1B867022C}.Release|Win32.ActiveCfg = Release|Win32
		{0BE7E850-26EF-498D-8F69-12B1B867022C}.RelWithDebInfo|Win32.ActiveCfg = Release|Win32
		{A39FD1E8-0B8D-449F-B4A6-1CC26F5F930F}.Debug|Win32.ActiveCfg = Debug|Win32
		{A39FD1E8-0B8D-449F-B4A6-1CC26F5F930F}.MinSizeRel|Win32.ActiveCfg = Release|Win32
		{A39FD1E8-0B8D-449F-B4A6-1CC26F5F930F}.Release|Win32.ActiveCfg = Release|Win32
		{A39FD1E8-0B8D-449F-B4A6-1CC26F5F930F}.RelWithDebInfo|Win32.ActiveCfg = Release|Win32
		{799B8CF8-73CD-4B4F-B936-6F752FDD68D5}.Debug|Win32.ActiveCfg = Debug|Win32
		{799B8CF8-73CD-4B4F-B936-6F752FDD68D5}.MinSizeRel|Win32.ActiveCfg = Release|Win32
		{799B8CF8-73CD-4B4F-B936-6F752FDD68D5}.Release|Win32.ActiveCfg = Release|Win32
		{799B8CF8-73CD-4B4F-B936-6F752FDD68D5}.RelWithDebInfo|Win32.ActiveCfg = Release|Win32
		{CC95AE2D-341D-4B48-9CE5-B91052E15AC3}.Debug|Win32.ActiveCfg = Debug|Win32
		{CC95AE2D-341D-4B48-9CE5-B91052E15AC3}.MinSizeRel|Win32.ActiveCfg = Release|Win32
		{CC95AE2D-341D-4B48-9CE5-B91052E15AC3}.Release|Win32.ActiveCfg = Release|Win32
		{CC95AE2D-341D-4B48-9CE5-B91052E15AC3}.RelWithDebInfo|Win32.ActiveCfg = Release|Win32
		{8DC3D5ED-CA4C-41FB-9F77-3590EBA7EF47}.Debug|Win32.ActiveCfg = Debug|Win32
		{8DC3D5ED-CA4C-41FB-9F77-3590EBA7EF47}.MinSizeRel|Win32.ActiveCfg = Release|Win32
		{8DC3D5ED-CA4C-41FB-9F77-3590EBA7EF47}.Release|Win32.ActiveCfg = Release|Win32
		{8DC3D5ED-CA4C-41FB-9F77-3590EBA7EF47}.RelWithDebInfo|Win32.ActiveCfg = Release|Win32
		{0CD0E89B-E7E2-4AB3-9C23-781B33F17B06}.Debug|Win32.ActiveCfg = Debug|Win32
		{0CD0E89B-E7E2-4AB3-9C23-781B33F17B06}.MinSizeRel|Win32.ActiveCfg = Release|Win32
		{0CD0E89B-E7E2-4AB3-9C23-781B33F17B06}.Release|Win32.ActiveCfg = Release|Win32
		{0CD0E89B-E7E2-4AB3-9C23-781B33F17B06}.RelWithDebInfo|Win32.ActiveCfg = Release|Win32
		{0D82BC30-9CBF-4630-8774-679E61B1F3FA}.Debug|Win32.ActiveCfg = Debug|Win32
		{0D82BC30-9CBF-4630-8774-679E61B1F3FA}.MinSizeRel|Win32.ActiveCfg = Release|Win32
		{0D82BC30-9CBF-4630-8774-679E61B1F3FA}.Release|Win32.ActiveCfg = Release|Win32
		{0D82BC30-9CBF-4630-8774-679E61B1F3FA}.RelWithDebInfo|Win32.ActiveCfg = Release|Win32
		{41BE05AC-EB98-4915-B0A8-CCF5D299C33B}.Debug|Win32.ActiveCfg = Debug|Win32
		{41BE05AC-EB98-4915-B0A8-CCF5D299C33B}.MinSizeRel|Win32.ActiveCfg = Release|Win32
		{41BE05AC-EB98-4915-B0A8-CCF5D299C33B}.Release|Win32.ActiveCfg = Release|Win32
		{41BE05AC-EB98-4915-B0A8-CCF5D299C33B}.RelWithDebInfo|Win32.ActiveCfg = Release|Win32
		{FC8E5650-E528-481F-8138-27E97A87AF0A}.Debug|Win32.ActiveCfg = Debug|Win32
		{FC8E5650-E528-481F-8138-27E97A87AF0A}.MinSizeRel|Win32.ActiveCfg = Release|Win32
		{FC8E5650-E528-481F-8138-27E97A87AF0A}.Release|Win32.ActiveCfg = Release|Win32
		{FC8E5650-E528-481F-8138-27E97A87AF0A}.RelWithDebInfo|Win32.ActiveCfg = Release|Win32
		{C01BB14F-40AE-4A1F-AED1-AFF2F1229F51}.Debug|Win32.ActiveCfg = Debug|Win32
		{C01BB14F-40AE-4A1F-AED1-AFF2F1229F51}.MinSizeRel|Win32.ActiveCfg = Release|Win32
		{C01BB14F-40AE-4A1F-AED1-AFF2F1229F51}.Release|Win32.ActiveCfg = Release|Win32
		{C01BB14F-40AE-4A1F-AED1-AFF2F1229F51}.RelWithDebInfo|Win32.ActiveCfg = Release|Win32
		{CF87E13A-3C52-4EF0-ACEF-FC2A98AAD8BA}.Debug|Win32.ActiveCfg = Debug|Win32
		{CF87E13A-3C52-4EF0-ACEF-FC2A98AAD8BA}.MinSizeRel|Win32.ActiveCfg = Release|Win32
		{CF87E13A-3C52-4EF0-ACEF-FC2A98AAD8BA}.Release|Win32.ActiveCfg = Release|Win32
		{CF87E13A-3C52-4EF0-ACEF-FC2A98AAD8BA}.RelWithDebInfo|Win32.ActiveCfg = Release|Win32
		{29F825DC-AF26-4C4C-91B8-4F6005EAE1D9}.Debug|Win32.ActiveCfg = Debug|Win32
		{29F825DC-AF26-4C4C-91B8-4F6005EAE1D9}.MinSizeRel|Win32.ActiveCfg = Release|Win32
		{29F825DC-AF26-4C4C-91B8-4F6005EAE1D9}.Release|Win32.ActiveCfg = Release|Win32
		{29F825DC-AF26-4C4C-91B8-4F6005EAE1D9}.RelWithDebInfo|Win32.ActiveCfg = Release|Win32
		{F7668233-6CE7-400E-A4D2-FABAC3BEFD6F}.Debug|Win32.ActiveCfg = Debug|Win32
		{F7668233-6CE7-400E-A4D2-FABAC3BEFD6F}.MinSizeRel|Win32.ActiveCfg = Release|Win32
		{F7668233-6CE7-400E-A4D2-FABAC3BEFD6F}.Release|Win32.ActiveCfg = Release|Win32
		{F7668233-6CE7-400E-A4D2-FABAC3BEFD6F}.RelWithDebInfo|Win32.ActiveCfg = Release|Win32
		{E85F93A9-43E8-4456-9934-DB4600C2897A}.Debug|Win32.ActiveCfg = Debug|Win32
		{E85F93A9-43E8-4456-9934-DB4600C2897A}.MinSizeRel|Win32.ActiveCfg = Release|Win32
		{E85F93A9-43E8-4456-9934-DB4600C2897A}.Release|Win32.ActiveCfg = Release|Win32
		{E85F93A9-43E8-4456-9934-DB4600C2897A}.RelWithDebInfo|Win32.ActiveCfg = Release|Win32
		{6E6DBE01-1294-4246-87EA-9FC7998E13FE}.Debug|Win32.ActiveCfg = Debug|Win32
		{6E6DBE01-1294-4246-87EA-9FC7998E13FE}.MinSizeRel|Win32.ActiveCfg = Release|Win32
		{6E6DBE01-1294-4246-87EA-9FC7998E13FE}.Release|Win32.ActiveCfg = Release|Win32
		{6E6DBE01-1294-4246-87EA-9FC7998E13FE}.RelWithDebInfo|Win32.ActiveCfg = Release|Win32
		{FC25480A-AA29-4A91-92BD-533FCE2CF1EC}.Debug|Win32.ActiveCfg = Debug|Win32
		{FC25480A-AA29-4A91-92BD-533FCE2CF1EC}.MinSizeRel|Win32.ActiveCfg = Release|Win32
		{FC25480A-AA29-4A91-92BD-533FCE2CF1EC}.Release|Win32.ActiveCfg = Release|Win32
		{FC25480A-AA29-4A91-92BD-533FCE2CF1EC}.RelWithDebInfo|Win32.ActiveCfg = Release|Win32
		{6D0E3BE5-3C78-49B8-8CB3-416BC3C37FBB}.Debug|Win32.ActiveCfg = Debug|Win32
		{6D0E3BE5-3C78-49B8-8CB3-416BC3C37FBB}.MinSizeRel|Win32.ActiveCfg = Release|Win32
		{6D0E3BE5-3C78-49B8-8CB3-416BC3C37FBB}.Release|Win32.ActiveCfg = Release|Win32
		{6D0E3BE5-3C78-49B8-8CB3-416BC3C37FBB}.RelWithDebInfo|Win32.ActiveCfg = Release|Win32
		{AD1564C5-7DFA-37E0-9E68-B9530856DF57}.Debug|Win32.ActiveCfg = Debug|Win32
		{AD1564C5-7DFA-37E0-9E68-B9530856DF57}.MinSizeRel|Win32.ActiveCfg = Release|Win32
		{AD1564C5-7DFA-37E0-9E68-B9530856DF57}.Release|Win32.ActiveCfg = Release|Win32
		{AD1564C5-7DFA-37E0-9E68-B9530856DF57}.RelWithDebInfo|Win32.ActiveCfg = Release|Win32
		{EA8802A4-7D5F-49D3-8C82-219D067ADBBA}.Debug|Win32.ActiveCfg = Debug|Win32
		{EA8802A4-7D5F-49D3-8C82-219D067ADBBA}.MinSizeRel|Win32.ActiveCfg = Release|Win32
		{EA8802A4-7D5F-49D3-8C82-219D067ADBBA}.Release|Win32.ActiveCfg = Release|Win32
		{EA8802A4-7D5F-49D3-8C82-219D067ADBBA}.RelWithDebInfo|Win32.ActiveCfg = Release|Win32
		{125026E6-D3BA-4A55-AD40-1FFCFFE806A1}.Debug|Win32.ActiveCfg = Debug|Win32
		{125026E6-D3BA-4A55-AD40-1FFCFFE806A1}.MinSizeRel|Win32.ActiveCfg = Release|Win32
		{125026E6-D3BA-4A55-AD40-1FFCFFE806A1}.Release|Win32.ActiveCfg = Release|Win32
		{125026E6-D3BA-4A55-AD40-1FFCFFE806A1}.RelWithDebInfo|Win32.ActiveCfg = Release|Win32
		{4C2FADC8-FE64-4654-9207-B4CDEF7FB9C9}.Debug|Win32.ActiveCfg = Debug|Win32
		{4C2FADC8-FE64-4654-9207-B4CDEF7FB9C9}.MinSizeRel|Win32.ActiveCfg = Release|Win32
		{4C2FADC8-FE64-4654-9207-B4CDEF7FB9C9}.Release|Win32.ActiveCfg = Release|Win32
		{4C2FADC8-FE64-4654-9207-B4CDEF7FB9C9}.RelWithDebInfo|Win32.ActiveCfg = Release|Win32
		{F87BD0D9-855E-4B49-B7CD-5DAEED6BDE5D}.Debug|Win32.ActiveCfg = Debug|Win32
		{F87BD0D9-855E-4B49-B7CD-5DAEED6BDE5D}.Debug|Win32.Build.0 = Debug|Win32
		{F87BD0D9-855E-4B49-B7CD-5DAEED6BDE5D}.MinSizeRel|Win32.ActiveCfg = Release|Win32
		{F87BD0D9-855E-4B49-B7CD-5DAEED6BDE5D}.MinSizeRel|Win32.Build.0 = Release|Win32
		{F87BD0D9-855E-4B49-B7CD-5DAEED6BDE5D}.Release|Win32.ActiveCfg = Release|Win32
		{F87BD0D9-855E-4B49-B7CD-5DAEED6BDE5D}.Release|Win32.Build.0 = Release|Win32
		{F87BD0D9-855E-4B49-B7CD-5DAEED6BDE5D}.RelWithDebInfo|Win32.ActiveCfg = Release|Win32
		{F87BD0D9-855E-4B49-B7CD-5DAEED6BDE5D}.RelWithDebInfo|Win32.Build.0 = Release|Win32
		{38D36512-0B5C-4719-9753-B22FF57EEE36}.Debug|Win32.ActiveCfg = Debug|Win32
		{38D36512-0B5C-4719-9753-B22FF57EEE36}.MinSizeRel|Win32.ActiveCfg = Release|Win32
		{38D36512-0B5C-4719-9753-B22FF57EEE36}.Release|Win32.ActiveCfg = Release|Win32
		{38D36512-0B5C-4719-9753-B22FF57EEE36}.RelWithDebInfo|Win32.ActiveCfg = Release|Win32
		{6802D929-D8A4-455E-BA57-62DB88CEDFF7}.Debug|Win32.ActiveCfg = Debug|Win32
		{6802D929-D8A4-455E-BA57-62DB88CEDFF7}.MinSizeRel|Win32.ActiveCfg = Release|Win32
		{6802D929-D8A4-455E-BA57-62DB88CEDFF7}.Release|Win32.ActiveCfg = Release|Win32
		{6802D929-D8A4-455E-BA57-62DB88CEDFF7}.RelWithDebInfo|Win32.ActiveCfg = Release|Win32
		{928D85C6-0E6F-443C-B387-512E24C8BEC1}.Debug|Win32.ActiveCfg = Debug|Win32
		{928D85C6-0E6F-443C-B387-512E24C8BEC1}.MinSizeRel|Win32.ActiveCfg = Release|Win32
		{928D85C6-0E6F-443C-B387-512E24C8BEC1}.Release|Win32.ActiveCfg = Release|Win32
		{928D85C6-0E6F-443C-B387-512E24C8BEC1}.RelWithDebInfo|Win32.ActiveCfg = Release|Win32
		{44CBBFD3-DAF0-44A8-B2C9-EAEE194F5447}.Debug|Win32.ActiveCfg = Debug|Win32
		{44CBBFD3-DAF0-44A8-B2C9-EAEE194F5447}.MinSizeRel|Win32.ActiveCfg = Release|Win32
		{44CBBFD3-DAF0-44A8-B2C9-EAEE194F5447}.Release|Win32.ActiveCfg = Release|Win32
		{44CBBFD3-DAF0-44A8-B2C9-EAEE194F5447}.RelWithDebInfo|Win32.ActiveCfg = Release|Win32
		{5304AD4A-04EA-40C4-8998-C8DE7434578D}.Debug|Win32.ActiveCfg = Debug|Win32
		{5304AD4A-04EA-40C4-8998-C8DE7434578D}.MinSizeRel|Win32.ActiveCfg = Release|Win32
		{5304AD4A-04EA-40C4-8998-C8DE7434578D}.Release|Win32.ActiveCfg = Release|Win32
		{5304AD4A-04EA-40C4-8998-C8DE7434578D}.RelWithDebInfo|Win32.ActiveCfg = Release|Win32
	EndGlobalSection
	GlobalSection(SolutionProperties) = preSolution
		HideSolutionNode = FALSE
	EndGlobalSection
	GlobalSection(NestedProjects) = preSolution
		{0BE7E850-26EF-498D-8F69-12B1B867022C} = {969BF6F5-9BD2-4130-8A4E-C84232FA68EA}
		{AD1564C5-7DFA-37E0-9E68-B9530856DF57} = {969BF6F5-9BD2-4130-8A4E-C84232FA68EA}
		{4C2FADC8-FE64-4654-9207-B4CDEF7FB9C9} = {969BF6F5-9BD2-4130-8A4E-C84232FA68EA}
		{A39FD1E8-0B8D-449F-B4A6-1CC26F5F930F} = {5FEC531C-325D-4691-973D-FB93898F1AFF}
		{799B8CF8-73CD-4B4F-B936-6F752FDD68D5} = {5FEC531C-325D-4691-973D-FB93898F1AFF}
		{CC95AE2D-341D-4B48-9CE5-B91052E15AC3} = {5FEC531C-325D-4691-973D-FB93898F1AFF}
		{8DC3D5ED-CA4C-41FB-9F77-3590EBA7EF47} = {5FEC531C-325D-4691-973D-FB93898F1AFF}
		{0CD0E89B-E7E2-4AB3-9C23-781B33F17B06} = {5FEC531C-325D-4691-973D-FB93898F1AFF}
		{41BE05AC-EB98-4915-B0A8-CCF5D299C33B} = {5FEC531C-325D-4691-973D-FB93898F1AFF}
		{CF87E13A-3C52-4EF0-ACEF-FC2A98AAD8BA} = {5FEC531C-325D-4691-973D-FB93898F1AFF}
		{F7668233-6CE7-400E-A4D2-FABAC3BEFD6F} = {5FEC531C-325D-4691-973D-FB93898F1AFF}
		{EA8802A4-7D5F-49D3-8C82-219D067ADBBA} = {5FEC531C-325D-4691-973D-FB93898F1AFF}
		{125026E6-D3BA-4A55-AD40-1FFCFFE806A1} = {5FEC531C-325D-4691-973D-FB93898F1AFF}
		{F87BD0D9-855E-4B49-B7CD-5DAEED6BDE5D} = {5FEC531C-325D-4691-973D-FB93898F1AFF}
		{6802D929-D8A4-455E-BA57-62DB88CEDFF7} = {5FEC531C-325D-4691-973D-FB93898F1AFF}
		{44CBBFD3-DAF0-44A8-B2C9-EAEE194F5447} = {5FEC531C-325D-4691-973D-FB93898F1AFF}
		{5304AD4A-04EA-40C4-8998-C8DE7434578D} = {5FEC531C-325D-4691-973D-FB93898F1AFF}
		{29F825DC-AF26-4C4C-91B8-4F6005EAE1D9} = {5FEC531C-325D-4691-973D-FB93898F1AFF}
		{0D82BC30-9CBF-4630-8774-679E61B1F3FA} = {BD1D54A1-5EC0-4A0D-B540-530AD4ECD561}
		{FC8E5650-E528-481F-8138-27E97A87AF0A} = {BD1D54A1-5EC0-4A0D-B540-530AD4ECD561}
		{C01BB14F-40AE-4A1F-AED1-AFF2F1229F51} = {BD1D54A1-5EC0-4A0D-B540-530AD4ECD561}
		{E85F93A9-43E8-4456-9934-DB4600C2897A} = {BD1D54A1-5EC0-4A0D-B540-530AD4ECD561}
		{6E6DBE01-1294-4246-87EA-9FC7998E13FE} = {BD1D54A1-5EC0-4A0D-B540-530AD4ECD561}
		{FC25480A-AA29-4A91-92BD-533FCE2CF1EC} = {BD1D54A1-5EC0-4A0D-B540-530AD4ECD561}
		{6D0E3BE5-3C78-49B8-8CB3-416BC3C37FBB} = {BD1D54A1-5EC0-4A0D-B540-530AD4ECD561}
		{38D36512-0B5C-4719-9753-B22FF57EEE36} = {BD1D54A1-5EC0-4A0D-B540-530AD4ECD561}
		{928D85C6-0E6F-443C-B387-512E24C8BEC1} = {BD1D54A1-5EC0-4A0D-B540-530AD4ECD561}
	EndGlobalSection
	GlobalSection(ExtensibilityGlobals) = postSolution
		QtVersion = 4.8.6
	EndGlobalSection
EndGlobal
