<?xml version="1.0" encoding="utf-8"?>
<Project ToolsVersion="4.0" xmlns="http://schemas.microsoft.com/developer/msbuild/2003">
  <ItemGroup>
    <Filter Include="源文件">
      <UniqueIdentifier>{4FC737F1-C7A5-4376-A066-2A32D752A2FF}</UniqueIdentifier>
      <Extensions>cpp;c;cc;cxx;def;odl;idl;hpj;bat;asm;asmx</Extensions>
    </Filter>
    <Filter Include="头文件">
      <UniqueIdentifier>{93995380-89BD-4b04-88EB-625FBE52EBFB}</UniqueIdentifier>
      <Extensions>h;hh;hpp;hxx;hm;inl;inc;xsd</Extensions>
    </Filter>
    <Filter Include="资源文件">
      <UniqueIdentifier>{67DA6AB6-F800-4c08-8B7A-83BB121AAD01}</UniqueIdentifier>
      <Extensions>rc;ico;cur;bmp;dlg;rc2;rct;bin;rgs;gif;jpg;jpeg;jpe;resx;tiff;tif;png;wav;mfcribbon-ms</Extensions>
    </Filter>
    <Filter Include="源文件\earth">
      <UniqueIdentifier>{0b609901-0a0f-4dad-8e7f-601e9947bd15}</UniqueIdentifier>
    </Filter>
  </ItemGroup>
  <ItemGroup>
    <ClInclude Include="..\..\include\geoobject\geomodel.h">
      <Filter>头文件</Filter>
    </ClInclude>
    <ClInclude Include="..\..\include\geoobject\geoobject_global.h">
      <Filter>头文件</Filter>
    </ClInclude>
    <ClInclude Include="..\..\include\geoobject\geoscutcheon.h">
      <Filter>头文件</Filter>
    </ClInclude>
    <ClInclude Include="..\..\include\geoobject\geocircle.h">
      <Filter>头文件</Filter>
    </ClInclude>
    <ClInclude Include="..\..\include\geoobject\geogrid.h">
      <Filter>头文件</Filter>
    </ClInclude>
    <ClInclude Include="..\..\include\geoobject\scutcheonnode.h">
      <Filter>头文件</Filter>
    </ClInclude>
    <ClInclude Include="..\..\include\geoobject\geosegment.h">
      <Filter>头文件</Filter>
    </ClInclude>
    <ClInclude Include="earth\DrapeableNode.h">
      <Filter>源文件\earth</Filter>
    </ClInclude>
    <ClInclude Include="earth\DrapingCullSet.h">
      <Filter>源文件\earth</Filter>
    </ClInclude>
    <ClInclude Include="..\..\include\geoobject\customscutcheonnode.h">
      <Filter>头文件</Filter>
    </ClInclude>
  </ItemGroup>
  <ItemGroup>
    <ClCompile Include="geomodel.cpp">
      <Filter>源文件</Filter>
    </ClCompile>
    <ClCompile Include="geoscutcheon.cpp">
      <Filter>源文件</Filter>
    </ClCompile>
    <ClCompile Include="geocircle.cpp">
      <Filter>源文件</Filter>
    </ClCompile>
    <ClCompile Include="geogrid.cpp">
      <Filter>源文件</Filter>
    </ClCompile>
    <ClCompile Include="scutcheonnode.cpp">
      <Filter>源文件</Filter>
    </ClCompile>
    <ClCompile Include="geosegment.cpp">
      <Filter>源文件</Filter>
    </ClCompile>
    <ClCompile Include="earth\DrapeableNode.cpp">
      <Filter>源文件\earth</Filter>
    </ClCompile>
    <ClCompile Include="earth\DrapingCullSet.cpp">
      <Filter>源文件\earth</Filter>
    </ClCompile>
    <ClCompile Include="customscutcheonnode.cpp">
      <Filter>源文件</Filter>
    </ClCompile>
  </ItemGroup>
</Project>