<?xml version="1.0" encoding="utf-8"?>
<Project ToolsVersion="4.0" xmlns="http://schemas.microsoft.com/developer/msbuild/2003">
  <ItemGroup>
    <Filter Include="源文件">
      <UniqueIdentifier>{4FC737F1-C7A5-4376-A066-2A32D752A2FF}</UniqueIdentifier>
      <Extensions>cpp;c;cc;cxx;def;odl;idl;hpj;bat;asm;asmx</Extensions>
    </Filter>
    <Filter Include="头文件">
      <UniqueIdentifier>{93995380-89BD-4b04-88EB-625FBE52EBFB}</UniqueIdentifier>
      <Extensions>h;hpp;hxx;hm;inl;inc;xsd</Extensions>
    </Filter>
    <Filter Include="资源文件">
      <UniqueIdentifier>{67DA6AB6-F800-4c08-8B7A-83BB121AAD01}</UniqueIdentifier>
      <Extensions>rc;ico;cur;bmp;dlg;rc2;rct;bin;rgs;gif;jpg;jpeg;jpe;resx;tiff;tif;png;wav;mfcribbon-ms</Extensions>
    </Filter>
  </ItemGroup>
  <ItemGroup>
    <ClInclude Include="..\..\include\geographic\geoarc.h">
      <Filter>头文件</Filter>
    </ClInclude>
    <ClInclude Include="..\..\include\geographic\geobezierarrow.h">
      <Filter>头文件</Filter>
    </ClInclude>
    <ClInclude Include="..\..\include\geographic\geobezierline.h">
      <Filter>头文件</Filter>
    </ClInclude>
    <ClInclude Include="..\..\include\geographic\geocirlce.h">
      <Filter>头文件</Filter>
    </ClInclude>
    <ClInclude Include="..\..\include\geographic\geocoattaildirectarrow.h">
      <Filter>头文件</Filter>
    </ClInclude>
    <ClInclude Include="..\..\include\geographic\geocoattailleanarrow.h">
      <Filter>头文件</Filter>
    </ClInclude>
    <ClInclude Include="..\..\include\geographic\geodirectarrow.h">
      <Filter>头文件</Filter>
    </ClInclude>
    <ClInclude Include="..\..\include\geographic\geodoublearrow.h">
      <Filter>头文件</Filter>
    </ClInclude>
    <ClInclude Include="..\..\include\geographic\geoellipse.h">
      <Filter>头文件</Filter>
    </ClInclude>
    <ClInclude Include="..\..\include\geographic\geofreeline.h">
      <Filter>头文件</Filter>
    </ClInclude>
    <ClInclude Include="..\..\include\geographic\geoleanarrow.h">
      <Filter>头文件</Filter>
    </ClInclude>
    <ClInclude Include="..\..\include\geographic\geolinearrow.h">
      <Filter>头文件</Filter>
    </ClInclude>
    <ClInclude Include="..\..\include\geographic\geomultipoint.h">
      <Filter>头文件</Filter>
    </ClInclude>
    <ClInclude Include="..\..\include\geographic\geoparallelsearcharea.h">
      <Filter>头文件</Filter>
    </ClInclude>
    <ClInclude Include="..\..\include\geographic\geopoint.h">
      <Filter>头文件</Filter>
    </ClInclude>
    <ClInclude Include="..\..\include\geographic\geopolygon.h">
      <Filter>头文件</Filter>
    </ClInclude>
    <ClInclude Include="..\..\include\geographic\georoundedrectangle.h">
      <Filter>头文件</Filter>
    </ClInclude>
    <ClInclude Include="..\..\include\geographic\geosector.h">
      <Filter>头文件</Filter>
    </ClInclude>
    <ClInclude Include="..\..\include\geographic\geosectorsearcharea.h">
      <Filter>头文件</Filter>
    </ClInclude>
    <ClInclude Include="..\..\include\geographic\rectangle.h">
      <Filter>头文件</Filter>
    </ClInclude>
    <ClInclude Include="..\..\include\geographic\geographicconfig.h">
      <Filter>头文件</Filter>
    </ClInclude>
    <ClInclude Include="..\..\include\geographic\geographictype.h">
      <Filter>头文件</Filter>
    </ClInclude>
    <ClInclude Include="..\..\include\geographic\bezierarithmetric.h">
      <Filter>头文件</Filter>
    </ClInclude>
    <ClInclude Include="..\..\include\geographic\geographiccreator.h">
      <Filter>头文件</Filter>
    </ClInclude>
    <ClInclude Include="..\..\include\geographic\geoline.h">
      <Filter>头文件</Filter>
    </ClInclude>
  </ItemGroup>
  <ItemGroup>
    <ClCompile Include="geoarc.cpp">
      <Filter>源文件</Filter>
    </ClCompile>
    <ClCompile Include="geobezierarrow.cpp">
      <Filter>源文件</Filter>
    </ClCompile>
    <ClCompile Include="geobezierline.cpp">
      <Filter>源文件</Filter>
    </ClCompile>
    <ClCompile Include="geocirlce.cpp">
      <Filter>源文件</Filter>
    </ClCompile>
    <ClCompile Include="geocoattaildirectarrow.cpp">
      <Filter>源文件</Filter>
    </ClCompile>
    <ClCompile Include="geocoattailleanarrow.cpp">
      <Filter>源文件</Filter>
    </ClCompile>
    <ClCompile Include="geodirectarrow.cpp">
      <Filter>源文件</Filter>
    </ClCompile>
    <ClCompile Include="geodoublearrow.cpp">
      <Filter>源文件</Filter>
    </ClCompile>
    <ClCompile Include="geoellipse.cpp">
      <Filter>源文件</Filter>
    </ClCompile>
    <ClCompile Include="geofreeline.cpp">
      <Filter>源文件</Filter>
    </ClCompile>
    <ClCompile Include="geoleanarrow.cpp">
      <Filter>源文件</Filter>
    </ClCompile>
    <ClCompile Include="geolinearrow.cpp">
      <Filter>源文件</Filter>
    </ClCompile>
    <ClCompile Include="geomultipoint.cpp">
      <Filter>源文件</Filter>
    </ClCompile>
    <ClCompile Include="geoparallelsearcharea.cpp">
      <Filter>源文件</Filter>
    </ClCompile>
    <ClCompile Include="geopoint.cpp">
      <Filter>源文件</Filter>
    </ClCompile>
    <ClCompile Include="geopolygon.cpp">
      <Filter>源文件</Filter>
    </ClCompile>
    <ClCompile Include="georoundedrectangle.cpp">
      <Filter>源文件</Filter>
    </ClCompile>
    <ClCompile Include="geosector.cpp">
      <Filter>源文件</Filter>
    </ClCompile>
    <ClCompile Include="geosectorsearcharea.cpp">
      <Filter>源文件</Filter>
    </ClCompile>
    <ClCompile Include="rectangle.cpp">
      <Filter>源文件</Filter>
    </ClCompile>
    <ClCompile Include="bezierarithmetric.cpp">
      <Filter>源文件</Filter>
    </ClCompile>
    <ClCompile Include="geographiccreator.cpp">
      <Filter>源文件</Filter>
    </ClCompile>
    <ClCompile Include="geoline.cpp">
      <Filter>源文件</Filter>
    </ClCompile>
  </ItemGroup>
</Project>